
Microsoft Visual Studio Solution File, Format Version 12.00
# Visual Studio Version 17
VisualStudioVersion = 17.13.35919.96 d17.13
MinimumVisualStudioVersion = 10.0.40219.1
Project("{54A90642-561A-4BB1-A94E-469ADEE60C69}") = "statsnhl.client", "statsnhl.client\statsnhl.client.esproj", "{D82F6159-9368-B76F-CF47-1599DE927246}"
EndProject
Project("{FAE04EC0-301F-11D3-BF4B-00C04F79EFBC}") = "StatsNHL.Server", "StatsNHL.Server\StatsNHL.Server.csproj", "{36E67BD2-835B-4252-BE65-4ABCC220BA8D}"
EndProject
Global
	GlobalSection(SolutionConfigurationPlatforms) = preSolution
		Debug|Any CPU = Debug|Any CPU
		Release|Any CPU = Release|Any CPU
	EndGlobalSection
	GlobalSection(ProjectConfigurationPlatforms) = postSolution
		{D82F6159-9368-B76F-CF47-1599DE927246}.Debug|Any CPU.ActiveCfg = Debug|Any CPU
		{D82F6159-9368-B76F-CF47-1599DE927246}.Debug|Any CPU.Build.0 = Debug|Any CPU
		{D82F6159-9368-B76F-CF47-1599DE927246}.Debug|Any CPU.Deploy.0 = Debug|Any CPU
		{D82F6159-9368-B76F-CF47-1599DE927246}.Release|Any CPU.ActiveCfg = Release|Any CPU
		{D82F6159-9368-B76F-CF47-1599DE927246}.Release|Any CPU.Build.0 = Release|Any CPU
		{D82F6159-9368-B76F-CF47-1599DE927246}.Release|Any CPU.Deploy.0 = Release|Any CPU
		{36E67BD2-835B-4252-BE65-4ABCC220BA8D}.Debug|Any CPU.ActiveCfg = Debug|Any CPU
		{36E67BD2-835B-4252-BE65-4ABCC220BA8D}.Debug|Any CPU.Build.0 = Debug|Any CPU
		{36E67BD2-835B-4252-BE65-4ABCC220BA8D}.Release|Any CPU.ActiveCfg = Release|Any CPU
		{36E67BD2-835B-4252-BE65-4ABCC220BA8D}.Release|Any CPU.Build.0 = Release|Any CPU
	EndGlobalSection
	GlobalSection(SolutionProperties) = preSolution
		HideSolutionNode = FALSE
	EndGlobalSection
	GlobalSection(ExtensibilityGlobals) = postSolution
		SolutionGuid = {C8AE0657-6A66-4730-91E4-BE6F54D8335B}
	EndGlobalSection
EndGlobal
